// !$*UTF8*$!
{
	archiveVersion = 1;
	classes = {
	};
	objectVersion = 46;
	objects = {

/* Begin PBXBuildFile section */
		9641C45F1B90A2A300887FC6 /* AppDelegate.swift in Sources */ = {isa = PBXBuildFile; fileRef = 9641C45E1B90A2A300887FC6 /* AppDelegate.swift */; };
		9641C4611B90A2A300887FC6 /* ViewController.swift in Sources */ = {isa = PBXBuildFile; fileRef = 9641C4601B90A2A300887FC6 /* ViewController.swift */; };
		9641C4641B90A2A300887FC6 /* Main.storyboard in Resources */ = {isa = PBXBuildFile; fileRef = 9641C4621B90A2A300887FC6 /* Main.storyboard */; };
		9641C4661B90A2A300887FC6 /* Images.xcassets in Resources */ = {isa = PBXBuildFile; fileRef = 9641C4651B90A2A300887FC6 /* Images.xcassets */; };
		9641C4691B90A2A300887FC6 /* LaunchScreen.xib in Resources */ = {isa = PBXBuildFile; fileRef = 9641C4671B90A2A300887FC6 /* LaunchScreen.xib */; };
		9641C4751B90A2A300887FC6 /* unitTestTests.swift in Sources */ = {isa = PBXBuildFile; fileRef = 9641C4741B90A2A300887FC6 /* unitTestTests.swift */; };
/* End PBXBuildFile section */

/* Begin PBXContainerItemProxy section */
		9641C46F1B90A2A300887FC6 /* PBXContainerItemProxy */ = {
			isa = PBXContainerItemProxy;
			containerPortal = 9641C4511B90A2A300887FC6 /* Project object */;
			proxyType = 1;
			remoteGlobalIDString = 9641C4581B90A2A300887FC6;
			remoteInfo = unitTest;
		};
/* End PBXContainerItemProxy section */

/* Begin PBXFileReference section */
		9641C4591B90A2A300887FC6 /* unitTest.app */ = {isa = PBXFileReference; explicitFileType = wrapper.application; includeInIndex = 0; path = unitTest.app; sourceTree = BUILT_PRODUCTS_DIR; };
		9641C45D1B90A2A300887FC6 /* Info.plist */ = {isa = PBXFileReference; lastKnownFileType = text.plist.xml; path = Info.plist; sourceTree = "<group>"; };
		9641C45E1B90A2A300887FC6 /* AppDelegate.swift */ = {isa = PBXFileReference; lastKnownFileType = sourcecode.swift; path = AppDelegate.swift; sourceTree = "<group>"; };
		9641C4601B90A2A300887FC6 /* ViewController.swift */ = {isa = PBXFileReference; lastKnownFileType = sourcecode.swift; path = ViewController.swift; sourceTree = "<group>"; };
		9641C4631B90A2A300887FC6 /* Base */ = {isa = PBXFileReference; lastKnownFileType = file.storyboard; name = Base; path = Base.lproj/Main.storyboard; sourceTree = "<group>"; };
		9641C4651B90A2A300887FC6 /* Images.xcassets */ = {isa = PBXFileReference; lastKnownFileType = folder.assetcatalog; path = Images.xcassets; sourceTree = "<group>"; };
		9641C4681B90A2A300887FC6 /* Base */ = {isa = PBXFileReference; lastKnownFileType = file.xib; name = Base; path = Base.lproj/LaunchScreen.xib; sourceTree = "<group>"; };
		9641C46E1B90A2A300887FC6 /* unitTestTests.xctest */ = {isa = PBXFileReference; explicitFileType = wrapper.cfbundle; includeInIndex = 0; path = unitTestTests.xctest; sourceTree = BUILT_PRODUCTS_DIR; };
		9641C4731B90A2A300887FC6 /* Info.plist */ = {isa = PBXFileReference; lastKnownFileType = text.plist.xml; path = Info.plist; sourceTree = "<group>"; };
		9641C4741B90A2A300887FC6 /* unitTestTests.swift */ = {isa = PBXFileReference; lastKnownFileType = sourcecode.swift; path = unitTestTests.swift; sourceTree = "<group>"; };
/* End PBXFileReference section */

/* Begin PBXFrameworksBuildPhase section */
		9641C4561B90A2A300887FC6 /* Frameworks */ = {
			isa = PBXFrameworksBuildPhase;
			buildActionMask = 2147483647;
			files = (
			);
			runOnlyForDeploymentPostprocessing = 0;
		};
		9641C46B1B90A2A300887FC6 /* Frameworks */ = {
			isa = PBXFrameworksBuildPhase;
			buildActionMask = 2147483647;
			files = (
			);
			runOnlyForDeploymentPostprocessing = 0;
		};
/* End PBXFrameworksBuildPhase section */

/* Begin PBXGroup section */
		9641C4501B90A2A300887FC6 = {
			isa = PBXGroup;
			children = (
				9641C45B1B90A2A300887FC6 /* unitTest */,
				9641C4711B90A2A300887FC6 /* unitTestTests */,
				9641C45A1B90A2A300887FC6 /* Products */,
			);
			sourceTree = "<group>";
		};
		9641C45A1B90A2A300887FC6 /* Products */ = {
			isa = PBXGroup;
			children = (
				9641C4591B90A2A300887FC6 /* unitTest.app */,
				9641C46E1B90A2A300887FC6 /* unitTestTests.xctest */,
			);
			name = Products;
			sourceTree = "<group>";
		};
		9641C45B1B90A2A300887FC6 /* unitTest */ = {
			isa = PBXGroup;
			children = (
				9641C45E1B90A2A300887FC6 /* AppDelegate.swift */,
				9641C4601B90A2A300887FC6 /* ViewController.swift */,
				9641C4621B90A2A300887FC6 /* Main.storyboard */,
				9641C4651B90A2A300887FC6 /* Images.xcassets */,
				9641C4671B90A2A300887FC6 /* LaunchScreen.xib */,
				9641C45C1B90A2A300887FC6 /* Supporting Files */,
			);
			path = unitTest;
			sourceTree = "<group>";
		};
		9641C45C1B90A2A300887FC6 /* Supporting Files */ = {
			isa = PBXGroup;
			children = (
				9641C45D1B90A2A300887FC6 /* Info.plist */,
			);
			name = "Supporting Files";
			sourceTree = "<group>";
		};
		9641C4711B90A2A300887FC6 /* unitTestTests */ = {
			isa = PBXGroup;
			children = (
				9641C4741B90A2A300887FC6 /* unitTestTests.swift */,
				9641C4721B90A2A300887FC6 /* Supporting Files */,
			);
			path = unitTestTests;
			sourceTree = "<group>";
		};
		9641C4721B90A2A300887FC6 /* Supporting Files */ = {
			isa = PBXGroup;
			children = (
				9641C4731B90A2A300887FC6 /* Info.plist */,
			);
			name = "Supporting Files";
			sourceTree = "<group>";
		};
/* End PBXGroup section */

/* Begin PBXNativeTarget section */
		9641C4581B90A2A300887FC6 /* unitTest */ = {
			isa = PBXNativeTarget;
			buildConfigurationList = 9641C4781B90A2A300887FC6 /* Build configuration list for PBXNativeTarget "unitTest" */;
			buildPhases = (
				9641C4551B90A2A300887FC6 /* Sources */,
				9641C4561B90A2A300887FC6 /* Frameworks */,
				9641C4571B90A2A300887FC6 /* Resources */,
			);
			buildRules = (
			);
			dependencies = (
			);
			name = unitTest;
			productName = unitTest;
			productReference = 9641C4591B90A2A300887FC6 /* unitTest.app */;
			productType = "com.apple.product-type.application";
		};
		9641C46D1B90A2A300887FC6 /* unitTestTests */ = {
			isa = PBXNativeTarget;
			buildConfigurationList = 9641C47B1B90A2A300887FC6 /* Build configuration list for PBXNativeTarget "unitTestTests" */;
			buildPhases = (
				9641C46A1B90A2A300887FC6 /* Sources */,
				9641C46B1B90A2A300887FC6 /* Frameworks */,
				9641C46C1B90A2A300887FC6 /* Resources */,
			);
			buildRules = (
			);
			dependencies = (
				9641C4701B90A2A300887FC6 /* PBXTargetDependency */,
			);
			name = unitTestTests;
			productName = unitTestTests;
			productReference = 9641C46E1B90A2A300887FC6 /* unitTestTests.xctest */;
			productType = "com.apple.product-type.bundle.unit-test";
		};
/* End PBXNativeTarget section */

/* Begin PBXProject section */
		9641C4511B90A2A300887FC6 /* Project object */ = {
			isa = PBXProject;
			attributes = {
				LastUpgradeCheck = 0640;
				ORGANIZATIONNAME = BPACA;
				TargetAttributes = {
					9641C4581B90A2A300887FC6 = {
						CreatedOnToolsVersion = 6.4;
					};
					9641C46D1B90A2A300887FC6 = {
						CreatedOnToolsVersion = 6.4;
						TestTargetID = 9641C4581B90A2A300887FC6;
					};
				};
			};
			buildConfigurationList = 9641C4541B90A2A300887FC6 /* Build configuration list for PBXProject "unitTest" */;
			compatibilityVersion = "Xcode 3.2";
			developmentRegion = English;
			hasScannedForEncodings = 0;
			knownRegions = (
				en,
				Base,
			);
			mainGroup = 9641C4501B90A2A300887FC6;
			productRefGroup = 9641C45A1B90A2A300887FC6 /* Products */;
			projectDirPath = "";
			projectRoot = "";
			targets = (
				9641C4581B90A2A300887FC6 /* unitTest */,
				9641C46D1B90A2A300887FC6 /* unitTestTests */,
			);
		};
/* End PBXProject section */

/* Begin PBXResourcesBuildPhase section */
		9641C4571B90A2A300887FC6 /* Resources */ = {
			isa = PBXResourcesBuildPhase;
			buildActionMask = 2147483647;
			files = (
				9641C4641B90A2A300887FC6 /* Main.storyboard in Resources */,
				9641C4691B90A2A300887FC6 /* LaunchScreen.xib in Resources */,
				9641C4661B90A2A300887FC6 /* Images.xcassets in Resources */,
			);
			runOnlyForDeploymentPostprocessing = 0;
		};
		9641C46C1B90A2A300887FC6 /* Resources */ = {
			isa = PBXResourcesBuildPhase;
			buildActionMask = 2147483647;
			files = (
			);
			runOnlyForDeploymentPostprocessing = 0;
		};
/* End PBXResourcesBuildPhase section */

/* Begin PBXSourcesBuildPhase section */
		9641C4551B90A2A300887FC6 /* Sources */ = {
			isa = PBXSourcesBuildPhase;
			buildActionMask = 2147483647;
			files = (
				9641C4611B90A2A300887FC6 /* ViewController.swift in Sources */,
				9641C45F1B90A2A300887FC6 /* AppDelegate.swift in Sources */,
			);
			runOnlyForDeploymentPostprocessing = 0;
		};
		9641C46A1B90A2A300887FC6 /* Sources */ = {
			isa = PBXSourcesBuildPhase;
			buildActionMask = 2147483647;
			files = (
				9641C4751B90A2A300887FC6 /* unitTestTests.swift in Sources */,
			);
			runOnlyForDeploymentPostprocessing = 0;
		};
/* End PBXSourcesBuildPhase section */

/* Begin PBXTargetDependency section */
		9641C4701B90A2A300887FC6 /* PBXTargetDependency */ = {
			isa = PBXTargetDependency;
			target = 9641C4581B90A2A300887FC6 /* unitTest */;
			targetProxy = 9641C46F1B90A2A300887FC6 /* PBXContainerItemProxy */;
		};
/* End PBXTargetDependency section */

/* Begin PBXVariantGroup section */
		9641C4621B90A2A300887FC6 /* Main.storyboard */ = {
			isa = PBXVariantGroup;
			children = (
				9641C4631B90A2A300887FC6 /* Base */,
			);
			name = Main.storyboard;
			sourceTree = "<group>";
		};
		9641C4671B90A2A300887FC6 /* LaunchScreen.xib */ = {
			isa = PBXVariantGroup;
			children = (
				9641C4681B90A2A300887FC6 /* Base */,
			);
			name = LaunchScreen.xib;
			sourceTree = "<group>";
		};
/* End PBXVariantGroup section */

/* Begin XCBuildConfiguration section */
		9641C4761B90A2A300887FC6 /* Debug */ = {
			isa = XCBuildConfiguration;
			buildSettings = {
				ALWAYS_SEARCH_USER_PATHS = NO;
				CLANG_CXX_LANGUAGE_STANDARD = "gnu++0x";
				CLANG_CXX_LIBRARY = "libc++";
				CLANG_ENABLE_MODULES = YES;
				CLANG_ENABLE_OBJC_ARC = YES;
				CLANG_WARN_BOOL_CONVERSION = YES;
				CLANG_WARN_CONSTANT_CONVERSION = YES;
				CLANG_WARN_DIRECT_OBJC_ISA_USAGE = YES_ERROR;
				CLANG_WARN_EMPTY_BODY = YES;
				CLANG_WARN_ENUM_CONVERSION = YES;
				CLANG_WARN_INT_CONVERSION = YES;
				CLANG_WARN_OBJC_ROOT_CLASS = YES_ERROR;
				CLANG_WARN_UNREACHABLE_CODE = YES;
				CLANG_WARN__DUPLICATE_METHOD_MATCH = YES;
				"CODE_SIGN_IDENTITY[sdk=iphoneos*]" = "iPhone Developer";
				COPY_PHASE_STRIP = NO;
				DEBUG_INFORMATION_FORMAT = "dwarf-with-dsym";
				ENABLE_STRICT_OBJC_MSGSEND = YES;
				GCC_C_LANGUAGE_STANDARD = gnu99;
				GCC_DYNAMIC_NO_PIC = NO;
				GCC_NO_COMMON_BLOCKS = YES;
				GCC_OPTIMIZATION_LEVEL = 0;
				GCC_PREPROCESSOR_DEFINITIONS = (
					"DEBUG=1",
					"$(inherited)",
				);
				GCC_SYMBOLS_PRIVATE_EXTERN = NO;
				GCC_WARN_64_TO_32_BIT_CONVERSION = YES;
				GCC_WARN_ABOUT_RETURN_TYPE = YES_ERROR;
				GCC_WARN_UNDECLARED_SELECTOR = YES;
				GCC_WARN_UNINITIALIZED_AUTOS = YES_AGGRESSIVE;
				GCC_WARN_UNUSED_FUNCTION = YES;
				GCC_WARN_UNUSED_VARIABLE = YES;
				IPHONEOS_DEPLOYMENT_TARGET = 8.4;
				MTL_ENABLE_DEBUG_INFO = YES;
				ONLY_ACTIVE_ARCH = YES;
				SDKROOT = iphoneos;
				SWIFT_OPTIMIZATION_LEVEL = "-Onone";
				TARGETED_DEVICE_FAMILY = "1,2";
			};
			name = Debug;
		};
		9641C4771B90A2A300887FC6 /* Release */ = {
			isa = XCBuildConfiguration;
			buildSettings = {
				ALWAYS_SEARCH_USER_PATHS = NO;
				CLANG_CXX_LANGUAGE_STANDARD = "gnu++0x";
				CLANG_CXX_LIBRARY = "libc++";
				CLANG_ENABLE_MODULES = YES;
				CLANG_ENABLE_OBJC_ARC = YES;
				CLANG_WARN_BOOL_CONVERSION = YES;
				CLANG_WARN_CONSTANT_CONVERSION = YES;
				CLANG_WARN_DIRECT_OBJC_ISA_USAGE = YES_ERROR;
				CLANG_WARN_EMPTY_BODY = YES;
				CLANG_WARN_ENUM_CONVERSION = YES;
				CLANG_WARN_INT_CONVERSION = YES;
				CLANG_WARN_OBJC_ROOT_CLASS = YES_ERROR;
				CLANG_WARN_UNREACHABLE_CODE = YES;
				CLANG_WARN__DUPLICATE_METHOD_MATCH = YES;
				"CODE_SIGN_IDENTITY[sdk=iphoneos*]" = "iPhone Developer";
				COPY_PHASE_STRIP = NO;
				DEBUG_INFORMATION_FORMAT = "dwarf-with-dsym";
				ENABLE_NS_ASSERTIONS = NO;
				ENABLE_STRICT_OBJC_MSGSEND = YES;
				GCC_C_LANGUAGE_STANDARD = gnu99;
				GCC_NO_COMMON_BLOCKS = YES;
				GCC_WARN_64_TO_32_BIT_CONVERSION = YES;
				GCC_WARN_ABOUT_RETURN_TYPE = YES_ERROR;
				GCC_WARN_UNDECLARED_SELECTOR = YES;
				GCC_WARN_UNINITIALIZED_AUTOS = YES_AGGRESSIVE;
				GCC_WARN_UNUSED_FUNCTION = YES;
				GCC_WARN_UNUSED_VARIABLE = YES;
				IPHONEOS_DEPLOYMENT_TARGET = 8.4;
				MTL_ENABLE_DEBUG_INFO = NO;
				SDKROOT = iphoneos;
				TARGETED_DEVICE_FAMILY = "1,2";
				VALIDATE_PRODUCT = YES;
			};
			name = Release;
		};
		9641C4791B90A2A300887FC6 /* Debug */ = {
			isa = XCBuildConfiguration;
			buildSettings = {
				ASSETCATALOG_COMPILER_APPICON_NAME = AppIcon;
				INFOPLIST_FILE = unitTest/Info.plist;
				LD_RUNPATH_SEARCH_PATHS = "$(inherited) @executable_path/Frameworks";
				PRODUCT_NAME = "$(TARGET_NAME)";
			};
			name = Debug;
		};
		9641C47A1B90A2A300887FC6 /* Release */ = {
			isa = XCBuildConfiguration;
			buildSettings = {
				ASSETCATALOG_COMPILER_APPICON_NAME = AppIcon;
				INFOPLIST_FILE = unitTest/Info.plist;
				LD_RUNPATH_SEARCH_PATHS = "$(inherited) @executable_path/Frameworks";
				PRODUCT_NAME = "$(TARGET_NAME)";
			};
			name = Release;
		};
		9641C47C1B90A2A300887FC6 /* Debug */ = {
			isa = XCBuildConfiguration;
			buildSettings = {
				BUNDLE_LOADER = "$(TEST_HOST)";
				FRAMEWORK_SEARCH_PATHS = (
					"$(SDKROOT)/Developer/Library/Frameworks",
					"$(inherited)",
				);
				GCC_PREPROCESSOR_DEFINITIONS = (
					"DEBUG=1",
					"$(inherited)",
				);
				INFOPLIST_FILE = unitTestTests/Info.plist;
				LD_RUNPATH_SEARCH_PATHS = "$(inherited) @executable_path/Frameworks @loader_path/Frameworks";
				PRODUCT_NAME = "$(TARGET_NAME)";
				TEST_HOST = "$(BUILT_PRODUCTS_DIR)/unitTest.app/unitTest";
			};
			name = Debug;
		};
		9641C47D1B90A2A300887FC6 /* Release */ = {
			isa = XCBuildConfiguration;
			buildSettings = {
				BUNDLE_LOADER = "$(TEST_HOST)";
				FRAMEWORK_SEARCH_PATHS = (
					"$(SDKROOT)/Developer/Library/Frameworks",
					"$(inherited)",
				);
				INFOPLIST_FILE = unitTestTests/Info.plist;
				LD_RUNPATH_SEARCH_PATHS = "$(inherited) @executable_path/Frameworks @loader_path/Frameworks";
				PRODUCT_NAME = "$(TARGET_NAME)";
				TEST_HOST = "$(BUILT_PRODUCTS_DIR)/unitTest.app/unitTest";
			};
			name = Release;
		};
/* End XCBuildConfiguration section */

/* Begin XCConfigurationList section */
		9641C4541B90A2A300887FC6 /* Build configuration list for PBXProject "unitTest" */ = {
			isa = XCConfigurationList;
			buildConfigurations = (
				9641C4761B90A2A300887FC6 /* Debug */,
				9641C4771B90A2A300887FC6 /* Release */,
			);
			defaultConfigurationIsVisible = 0;
			defaultConfigurationName = Release;
		};
		9641C4781B90A2A300887FC6 /* Build configuration list for PBXNativeTarget "unitTest" */ = {
			isa = XCConfigurationList;
			buildConfigurations = (
				9641C4791B90A2A300887FC6 /* Debug */,
				9641C47A1B90A2A300887FC6 /* Release */,
			);
			defaultConfigurationIsVisible = 0;
		};
		9641C47B1B90A2A300887FC6 /* Build configuration list for PBXNativeTarget "unitTestTests" */ = {
			isa = XCConfigurationList;
			buildConfigurations = (
				9641C47C1B90A2A300887FC6 /* Debug */,
				9641C47D1B90A2A300887FC6 /* Release */,
			);
			defaultConfigurationIsVisible = 0;
		};
/* End XCConfigurationList section */
	};
	rootObject = 9641C4511B90A2A300887FC6 /* Project object */;
}
