// !$*UTF8*$!
{
	archiveVersion = 1;
	classes = {
	};
	objectVersion = 46;
	objects = {

/* Begin PBXBuildFile section */
		96C50B1A1ACD37E200D139BB /* AppDelegate.swift in Sources */ = {isa = PBXBuildFile; fileRef = 96C50B191ACD37E200D139BB /* AppDelegate.swift */; };
		96C50B1D1ACD37E200D139BB /* Tic_Tac_Toe.xcdatamodeld in Sources */ = {isa = PBXBuildFile; fileRef = 96C50B1B1ACD37E200D139BB /* Tic_Tac_Toe.xcdatamodeld */; };
		96C50B1F1ACD37E200D139BB /* ViewController.swift in Sources */ = {isa = PBXBuildFile; fileRef = 96C50B1E1ACD37E200D139BB /* ViewController.swift */; };
		96C50B221ACD37E200D139BB /* Main.storyboard in Resources */ = {isa = PBXBuildFile; fileRef = 96C50B201ACD37E200D139BB /* Main.storyboard */; };
		96C50B241ACD37E200D139BB /* Images.xcassets in Resources */ = {isa = PBXBuildFile; fileRef = 96C50B231ACD37E200D139BB /* Images.xcassets */; };
		96C50B271ACD37E200D139BB /* LaunchScreen.xib in Resources */ = {isa = PBXBuildFile; fileRef = 96C50B251ACD37E200D139BB /* LaunchScreen.xib */; };
		96C50B331ACD37E200D139BB /* Tic_Tac_ToeTests.swift in Sources */ = {isa = PBXBuildFile; fileRef = 96C50B321ACD37E200D139BB /* Tic_Tac_ToeTests.swift */; };
		96C50B3D1ACD3A6F00D139BB /* TTTImageView.swift in Sources */ = {isa = PBXBuildFile; fileRef = 96C50B3C1ACD3A6F00D139BB /* TTTImageView.swift */; };
		96C50B3F1ACD3B7300D139BB /* MPCHandler.swift in Sources */ = {isa = PBXBuildFile; fileRef = 96C50B3E1ACD3B7200D139BB /* MPCHandler.swift */; };
/* End PBXBuildFile section */

/* Begin PBXContainerItemProxy section */
		96C50B2D1ACD37E200D139BB /* PBXContainerItemProxy */ = {
			isa = PBXContainerItemProxy;
			containerPortal = 96C50B0C1ACD37E200D139BB /* Project object */;
			proxyType = 1;
			remoteGlobalIDString = 96C50B131ACD37E200D139BB;
			remoteInfo = "Tic Tac Toe";
		};
/* End PBXContainerItemProxy section */

/* Begin PBXFileReference section */
		96C50B141ACD37E200D139BB /* Tic Tac Toe.app */ = {isa = PBXFileReference; explicitFileType = wrapper.application; includeInIndex = 0; path = "Tic Tac Toe.app"; sourceTree = BUILT_PRODUCTS_DIR; };
		96C50B181ACD37E200D139BB /* Info.plist */ = {isa = PBXFileReference; lastKnownFileType = text.plist.xml; path = Info.plist; sourceTree = "<group>"; };
		96C50B191ACD37E200D139BB /* AppDelegate.swift */ = {isa = PBXFileReference; lastKnownFileType = sourcecode.swift; path = AppDelegate.swift; sourceTree = "<group>"; };
		96C50B1C1ACD37E200D139BB /* Tic_Tac_Toe.xcdatamodel */ = {isa = PBXFileReference; lastKnownFileType = wrapper.xcdatamodel; path = Tic_Tac_Toe.xcdatamodel; sourceTree = "<group>"; };
		96C50B1E1ACD37E200D139BB /* ViewController.swift */ = {isa = PBXFileReference; lastKnownFileType = sourcecode.swift; path = ViewController.swift; sourceTree = "<group>"; };
		96C50B211ACD37E200D139BB /* Base */ = {isa = PBXFileReference; lastKnownFileType = file.storyboard; name = Base; path = Base.lproj/Main.storyboard; sourceTree = "<group>"; };
		96C50B231ACD37E200D139BB /* Images.xcassets */ = {isa = PBXFileReference; lastKnownFileType = folder.assetcatalog; path = Images.xcassets; sourceTree = "<group>"; };
		96C50B261ACD37E200D139BB /* Base */ = {isa = PBXFileReference; lastKnownFileType = file.xib; name = Base; path = Base.lproj/LaunchScreen.xib; sourceTree = "<group>"; };
		96C50B2C1ACD37E200D139BB /* Tic Tac ToeTests.xctest */ = {isa = PBXFileReference; explicitFileType = wrapper.cfbundle; includeInIndex = 0; path = "Tic Tac ToeTests.xctest"; sourceTree = BUILT_PRODUCTS_DIR; };
		96C50B311ACD37E200D139BB /* Info.plist */ = {isa = PBXFileReference; lastKnownFileType = text.plist.xml; path = Info.plist; sourceTree = "<group>"; };
		96C50B321ACD37E200D139BB /* Tic_Tac_ToeTests.swift */ = {isa = PBXFileReference; lastKnownFileType = sourcecode.swift; path = Tic_Tac_ToeTests.swift; sourceTree = "<group>"; };
		96C50B3C1ACD3A6F00D139BB /* TTTImageView.swift */ = {isa = PBXFileReference; fileEncoding = 4; lastKnownFileType = sourcecode.swift; path = TTTImageView.swift; sourceTree = "<group>"; };
		96C50B3E1ACD3B7200D139BB /* MPCHandler.swift */ = {isa = PBXFileReference; fileEncoding = 4; lastKnownFileType = sourcecode.swift; path = MPCHandler.swift; sourceTree = "<group>"; };
/* End PBXFileReference section */

/* Begin PBXFrameworksBuildPhase section */
		96C50B111ACD37E200D139BB /* Frameworks */ = {
			isa = PBXFrameworksBuildPhase;
			buildActionMask = 2147483647;
			files = (
			);
			runOnlyForDeploymentPostprocessing = 0;
		};
		96C50B291ACD37E200D139BB /* Frameworks */ = {
			isa = PBXFrameworksBuildPhase;
			buildActionMask = 2147483647;
			files = (
			);
			runOnlyForDeploymentPostprocessing = 0;
		};
/* End PBXFrameworksBuildPhase section */

/* Begin PBXGroup section */
		96C50B0B1ACD37E200D139BB = {
			isa = PBXGroup;
			children = (
				96C50B161ACD37E200D139BB /* Tic Tac Toe */,
				96C50B2F1ACD37E200D139BB /* Tic Tac ToeTests */,
				96C50B151ACD37E200D139BB /* Products */,
			);
			sourceTree = "<group>";
		};
		96C50B151ACD37E200D139BB /* Products */ = {
			isa = PBXGroup;
			children = (
				96C50B141ACD37E200D139BB /* Tic Tac Toe.app */,
				96C50B2C1ACD37E200D139BB /* Tic Tac ToeTests.xctest */,
			);
			name = Products;
			sourceTree = "<group>";
		};
		96C50B161ACD37E200D139BB /* Tic Tac Toe */ = {
			isa = PBXGroup;
			children = (
				96C50B191ACD37E200D139BB /* AppDelegate.swift */,
				96C50B1E1ACD37E200D139BB /* ViewController.swift */,
				96C50B3C1ACD3A6F00D139BB /* TTTImageView.swift */,
				96C50B3E1ACD3B7200D139BB /* MPCHandler.swift */,
				96C50B201ACD37E200D139BB /* Main.storyboard */,
				96C50B231ACD37E200D139BB /* Images.xcassets */,
				96C50B251ACD37E200D139BB /* LaunchScreen.xib */,
				96C50B1B1ACD37E200D139BB /* Tic_Tac_Toe.xcdatamodeld */,
				96C50B171ACD37E200D139BB /* Supporting Files */,
			);
			path = "Tic Tac Toe";
			sourceTree = "<group>";
		};
		96C50B171ACD37E200D139BB /* Supporting Files */ = {
			isa = PBXGroup;
			children = (
				96C50B181ACD37E200D139BB /* Info.plist */,
			);
			name = "Supporting Files";
			sourceTree = "<group>";
		};
		96C50B2F1ACD37E200D139BB /* Tic Tac ToeTests */ = {
			isa = PBXGroup;
			children = (
				96C50B321ACD37E200D139BB /* Tic_Tac_ToeTests.swift */,
				96C50B301ACD37E200D139BB /* Supporting Files */,
			);
			path = "Tic Tac ToeTests";
			sourceTree = "<group>";
		};
		96C50B301ACD37E200D139BB /* Supporting Files */ = {
			isa = PBXGroup;
			children = (
				96C50B311ACD37E200D139BB /* Info.plist */,
			);
			name = "Supporting Files";
			sourceTree = "<group>";
		};
/* End PBXGroup section */

/* Begin PBXNativeTarget section */
		96C50B131ACD37E200D139BB /* Tic Tac Toe */ = {
			isa = PBXNativeTarget;
			buildConfigurationList = 96C50B361ACD37E200D139BB /* Build configuration list for PBXNativeTarget "Tic Tac Toe" */;
			buildPhases = (
				96C50B101ACD37E200D139BB /* Sources */,
				96C50B111ACD37E200D139BB /* Frameworks */,
				96C50B121ACD37E200D139BB /* Resources */,
			);
			buildRules = (
			);
			dependencies = (
			);
			name = "Tic Tac Toe";
			productName = "Tic Tac Toe";
			productReference = 96C50B141ACD37E200D139BB /* Tic Tac Toe.app */;
			productType = "com.apple.product-type.application";
		};
		96C50B2B1ACD37E200D139BB /* Tic Tac ToeTests */ = {
			isa = PBXNativeTarget;
			buildConfigurationList = 96C50B391ACD37E200D139BB /* Build configuration list for PBXNativeTarget "Tic Tac ToeTests" */;
			buildPhases = (
				96C50B281ACD37E200D139BB /* Sources */,
				96C50B291ACD37E200D139BB /* Frameworks */,
				96C50B2A1ACD37E200D139BB /* Resources */,
			);
			buildRules = (
			);
			dependencies = (
				96C50B2E1ACD37E200D139BB /* PBXTargetDependency */,
			);
			name = "Tic Tac ToeTests";
			productName = "Tic Tac ToeTests";
			productReference = 96C50B2C1ACD37E200D139BB /* Tic Tac ToeTests.xctest */;
			productType = "com.apple.product-type.bundle.unit-test";
		};
/* End PBXNativeTarget section */

/* Begin PBXProject section */
		96C50B0C1ACD37E200D139BB /* Project object */ = {
			isa = PBXProject;
			attributes = {
				LastUpgradeCheck = 0620;
				ORGANIZATIONNAME = "Lanusse Baptiste";
				TargetAttributes = {
					96C50B131ACD37E200D139BB = {
						CreatedOnToolsVersion = 6.2;
					};
					96C50B2B1ACD37E200D139BB = {
						CreatedOnToolsVersion = 6.2;
						TestTargetID = 96C50B131ACD37E200D139BB;
					};
				};
			};
			buildConfigurationList = 96C50B0F1ACD37E200D139BB /* Build configuration list for PBXProject "Tic Tac Toe" */;
			compatibilityVersion = "Xcode 3.2";
			developmentRegion = English;
			hasScannedForEncodings = 0;
			knownRegions = (
				en,
				Base,
			);
			mainGroup = 96C50B0B1ACD37E200D139BB;
			productRefGroup = 96C50B151ACD37E200D139BB /* Products */;
			projectDirPath = "";
			projectRoot = "";
			targets = (
				96C50B131ACD37E200D139BB /* Tic Tac Toe */,
				96C50B2B1ACD37E200D139BB /* Tic Tac ToeTests */,
			);
		};
/* End PBXProject section */

/* Begin PBXResourcesBuildPhase section */
		96C50B121ACD37E200D139BB /* Resources */ = {
			isa = PBXResourcesBuildPhase;
			buildActionMask = 2147483647;
			files = (
				96C50B221ACD37E200D139BB /* Main.storyboard in Resources */,
				96C50B271ACD37E200D139BB /* LaunchScreen.xib in Resources */,
				96C50B241ACD37E200D139BB /* Images.xcassets in Resources */,
			);
			runOnlyForDeploymentPostprocessing = 0;
		};
		96C50B2A1ACD37E200D139BB /* Resources */ = {
			isa = PBXResourcesBuildPhase;
			buildActionMask = 2147483647;
			files = (
			);
			runOnlyForDeploymentPostprocessing = 0;
		};
/* End PBXResourcesBuildPhase section */

/* Begin PBXSourcesBuildPhase section */
		96C50B101ACD37E200D139BB /* Sources */ = {
			isa = PBXSourcesBuildPhase;
			buildActionMask = 2147483647;
			files = (
				96C50B1F1ACD37E200D139BB /* ViewController.swift in Sources */,
				96C50B1D1ACD37E200D139BB /* Tic_Tac_Toe.xcdatamodeld in Sources */,
				96C50B3F1ACD3B7300D139BB /* MPCHandler.swift in Sources */,
				96C50B1A1ACD37E200D139BB /* AppDelegate.swift in Sources */,
				96C50B3D1ACD3A6F00D139BB /* TTTImageView.swift in Sources */,
			);
			runOnlyForDeploymentPostprocessing = 0;
		};
		96C50B281ACD37E200D139BB /* Sources */ = {
			isa = PBXSourcesBuildPhase;
			buildActionMask = 2147483647;
			files = (
				96C50B331ACD37E200D139BB /* Tic_Tac_ToeTests.swift in Sources */,
			);
			runOnlyForDeploymentPostprocessing = 0;
		};
/* End PBXSourcesBuildPhase section */

/* Begin PBXTargetDependency section */
		96C50B2E1ACD37E200D139BB /* PBXTargetDependency */ = {
			isa = PBXTargetDependency;
			target = 96C50B131ACD37E200D139BB /* Tic Tac Toe */;
			targetProxy = 96C50B2D1ACD37E200D139BB /* PBXContainerItemProxy */;
		};
/* End PBXTargetDependency section */

/* Begin PBXVariantGroup section */
		96C50B201ACD37E200D139BB /* Main.storyboard */ = {
			isa = PBXVariantGroup;
			children = (
				96C50B211ACD37E200D139BB /* Base */,
			);
			name = Main.storyboard;
			sourceTree = "<group>";
		};
		96C50B251ACD37E200D139BB /* LaunchScreen.xib */ = {
			isa = PBXVariantGroup;
			children = (
				96C50B261ACD37E200D139BB /* Base */,
			);
			name = LaunchScreen.xib;
			sourceTree = "<group>";
		};
/* End PBXVariantGroup section */

/* Begin XCBuildConfiguration section */
		96C50B341ACD37E200D139BB /* Debug */ = {
			isa = XCBuildConfiguration;
			buildSettings = {
				ALWAYS_SEARCH_USER_PATHS = NO;
				CLANG_CXX_LANGUAGE_STANDARD = "gnu++0x";
				CLANG_CXX_LIBRARY = "libc++";
				CLANG_ENABLE_MODULES = YES;
				CLANG_ENABLE_OBJC_ARC = YES;
				CLANG_WARN_BOOL_CONVERSION = YES;
				CLANG_WARN_CONSTANT_CONVERSION = YES;
				CLANG_WARN_DIRECT_OBJC_ISA_USAGE = YES_ERROR;
				CLANG_WARN_EMPTY_BODY = YES;
				CLANG_WARN_ENUM_CONVERSION = YES;
				CLANG_WARN_INT_CONVERSION = YES;
				CLANG_WARN_OBJC_ROOT_CLASS = YES_ERROR;
				CLANG_WARN_UNREACHABLE_CODE = YES;
				CLANG_WARN__DUPLICATE_METHOD_MATCH = YES;
				"CODE_SIGN_IDENTITY[sdk=iphoneos*]" = "iPhone Developer";
				COPY_PHASE_STRIP = NO;
				ENABLE_STRICT_OBJC_MSGSEND = YES;
				GCC_C_LANGUAGE_STANDARD = gnu99;
				GCC_DYNAMIC_NO_PIC = NO;
				GCC_OPTIMIZATION_LEVEL = 0;
				GCC_PREPROCESSOR_DEFINITIONS = (
					"DEBUG=1",
					"$(inherited)",
				);
				GCC_SYMBOLS_PRIVATE_EXTERN = NO;
				GCC_WARN_64_TO_32_BIT_CONVERSION = YES;
				GCC_WARN_ABOUT_RETURN_TYPE = YES_ERROR;
				GCC_WARN_UNDECLARED_SELECTOR = YES;
				GCC_WARN_UNINITIALIZED_AUTOS = YES_AGGRESSIVE;
				GCC_WARN_UNUSED_FUNCTION = YES;
				GCC_WARN_UNUSED_VARIABLE = YES;
				IPHONEOS_DEPLOYMENT_TARGET = 8.2;
				MTL_ENABLE_DEBUG_INFO = YES;
				ONLY_ACTIVE_ARCH = YES;
				SDKROOT = iphoneos;
				SWIFT_OPTIMIZATION_LEVEL = "-Onone";
			};
			name = Debug;
		};
		96C50B351ACD37E200D139BB /* Release */ = {
			isa = XCBuildConfiguration;
			buildSettings = {
				ALWAYS_SEARCH_USER_PATHS = NO;
				CLANG_CXX_LANGUAGE_STANDARD = "gnu++0x";
				CLANG_CXX_LIBRARY = "libc++";
				CLANG_ENABLE_MODULES = YES;
				CLANG_ENABLE_OBJC_ARC = YES;
				CLANG_WARN_BOOL_CONVERSION = YES;
				CLANG_WARN_CONSTANT_CONVERSION = YES;
				CLANG_WARN_DIRECT_OBJC_ISA_USAGE = YES_ERROR;
				CLANG_WARN_EMPTY_BODY = YES;
				CLANG_WARN_ENUM_CONVERSION = YES;
				CLANG_WARN_INT_CONVERSION = YES;
				CLANG_WARN_OBJC_ROOT_CLASS = YES_ERROR;
				CLANG_WARN_UNREACHABLE_CODE = YES;
				CLANG_WARN__DUPLICATE_METHOD_MATCH = YES;
				"CODE_SIGN_IDENTITY[sdk=iphoneos*]" = "iPhone Developer";
				COPY_PHASE_STRIP = NO;
				ENABLE_NS_ASSERTIONS = NO;
				ENABLE_STRICT_OBJC_MSGSEND = YES;
				GCC_C_LANGUAGE_STANDARD = gnu99;
				GCC_WARN_64_TO_32_BIT_CONVERSION = YES;
				GCC_WARN_ABOUT_RETURN_TYPE = YES_ERROR;
				GCC_WARN_UNDECLARED_SELECTOR = YES;
				GCC_WARN_UNINITIALIZED_AUTOS = YES_AGGRESSIVE;
				GCC_WARN_UNUSED_FUNCTION = YES;
				GCC_WARN_UNUSED_VARIABLE = YES;
				IPHONEOS_DEPLOYMENT_TARGET = 8.2;
				MTL_ENABLE_DEBUG_INFO = NO;
				SDKROOT = iphoneos;
				VALIDATE_PRODUCT = YES;
			};
			name = Release;
		};
		96C50B371ACD37E200D139BB /* Debug */ = {
			isa = XCBuildConfiguration;
			buildSettings = {
				ASSETCATALOG_COMPILER_APPICON_NAME = AppIcon;
				INFOPLIST_FILE = "Tic Tac Toe/Info.plist";
				LD_RUNPATH_SEARCH_PATHS = "$(inherited) @executable_path/Frameworks";
				PRODUCT_NAME = "$(TARGET_NAME)";
			};
			name = Debug;
		};
		96C50B381ACD37E200D139BB /* Release */ = {
			isa = XCBuildConfiguration;
			buildSettings = {
				ASSETCATALOG_COMPILER_APPICON_NAME = AppIcon;
				INFOPLIST_FILE = "Tic Tac Toe/Info.plist";
				LD_RUNPATH_SEARCH_PATHS = "$(inherited) @executable_path/Frameworks";
				PRODUCT_NAME = "$(TARGET_NAME)";
			};
			name = Release;
		};
		96C50B3A1ACD37E200D139BB /* Debug */ = {
			isa = XCBuildConfiguration;
			buildSettings = {
				BUNDLE_LOADER = "$(TEST_HOST)";
				FRAMEWORK_SEARCH_PATHS = (
					"$(SDKROOT)/Developer/Library/Frameworks",
					"$(inherited)",
				);
				GCC_PREPROCESSOR_DEFINITIONS = (
					"DEBUG=1",
					"$(inherited)",
				);
				INFOPLIST_FILE = "Tic Tac ToeTests/Info.plist";
				LD_RUNPATH_SEARCH_PATHS = "$(inherited) @executable_path/Frameworks @loader_path/Frameworks";
				PRODUCT_NAME = "$(TARGET_NAME)";
				TEST_HOST = "$(BUILT_PRODUCTS_DIR)/Tic Tac Toe.app/Tic Tac Toe";
			};
			name = Debug;
		};
		96C50B3B1ACD37E200D139BB /* Release */ = {
			isa = XCBuildConfiguration;
			buildSettings = {
				BUNDLE_LOADER = "$(TEST_HOST)";
				FRAMEWORK_SEARCH_PATHS = (
					"$(SDKROOT)/Developer/Library/Frameworks",
					"$(inherited)",
				);
				INFOPLIST_FILE = "Tic Tac ToeTests/Info.plist";
				LD_RUNPATH_SEARCH_PATHS = "$(inherited) @executable_path/Frameworks @loader_path/Frameworks";
				PRODUCT_NAME = "$(TARGET_NAME)";
				TEST_HOST = "$(BUILT_PRODUCTS_DIR)/Tic Tac Toe.app/Tic Tac Toe";
			};
			name = Release;
		};
/* End XCBuildConfiguration section */

/* Begin XCConfigurationList section */
		96C50B0F1ACD37E200D139BB /* Build configuration list for PBXProject "Tic Tac Toe" */ = {
			isa = XCConfigurationList;
			buildConfigurations = (
				96C50B341ACD37E200D139BB /* Debug */,
				96C50B351ACD37E200D139BB /* Release */,
			);
			defaultConfigurationIsVisible = 0;
			defaultConfigurationName = Release;
		};
		96C50B361ACD37E200D139BB /* Build configuration list for PBXNativeTarget "Tic Tac Toe" */ = {
			isa = XCConfigurationList;
			buildConfigurations = (
				96C50B371ACD37E200D139BB /* Debug */,
				96C50B381ACD37E200D139BB /* Release */,
			);
			defaultConfigurationIsVisible = 0;
		};
		96C50B391ACD37E200D139BB /* Build configuration list for PBXNativeTarget "Tic Tac ToeTests" */ = {
			isa = XCConfigurationList;
			buildConfigurations = (
				96C50B3A1ACD37E200D139BB /* Debug */,
				96C50B3B1ACD37E200D139BB /* Release */,
			);
			defaultConfigurationIsVisible = 0;
		};
/* End XCConfigurationList section */

/* Begin XCVersionGroup section */
		96C50B1B1ACD37E200D139BB /* Tic_Tac_Toe.xcdatamodeld */ = {
			isa = XCVersionGroup;
			children = (
				96C50B1C1ACD37E200D139BB /* Tic_Tac_Toe.xcdatamodel */,
			);
			currentVersion = 96C50B1C1ACD37E200D139BB /* Tic_Tac_Toe.xcdatamodel */;
			path = Tic_Tac_Toe.xcdatamodeld;
			sourceTree = "<group>";
			versionGroupType = wrapper.xcdatamodel;
		};
/* End XCVersionGroup section */
	};
	rootObject = 96C50B0C1ACD37E200D139BB /* Project object */;
}
