// !$*UTF8*$!
{
	archiveVersion = 1;
	classes = {
	};
	objectVersion = 46;
	objects = {

/* Begin PBXBuildFile section */
		964415BB1B4A780600F47DAA /* AppDelegate.swift in Sources */ = {isa = PBXBuildFile; fileRef = 964415BA1B4A780500F47DAA /* AppDelegate.swift */; };
		964415BD1B4A780600F47DAA /* SearchResultsViewController.swift in Sources */ = {isa = PBXBuildFile; fileRef = 964415BC1B4A780600F47DAA /* SearchResultsViewController.swift */; };
		964415C01B4A780600F47DAA /* Main.storyboard in Resources */ = {isa = PBXBuildFile; fileRef = 964415BE1B4A780600F47DAA /* Main.storyboard */; };
		964415C21B4A780600F47DAA /* Images.xcassets in Resources */ = {isa = PBXBuildFile; fileRef = 964415C11B4A780600F47DAA /* Images.xcassets */; };
		964415C51B4A780600F47DAA /* LaunchScreen.xib in Resources */ = {isa = PBXBuildFile; fileRef = 964415C31B4A780600F47DAA /* LaunchScreen.xib */; };
		964415D11B4A780600F47DAA /* HelloWorldTests.swift in Sources */ = {isa = PBXBuildFile; fileRef = 964415D01B4A780600F47DAA /* HelloWorldTests.swift */; };
		964415DB1B4A836B00F47DAA /* APIController.swift in Sources */ = {isa = PBXBuildFile; fileRef = 964415DA1B4A836B00F47DAA /* APIController.swift */; };
/* End PBXBuildFile section */

/* Begin PBXContainerItemProxy section */
		964415CB1B4A780600F47DAA /* PBXContainerItemProxy */ = {
			isa = PBXContainerItemProxy;
			containerPortal = 964415AD1B4A780500F47DAA /* Project object */;
			proxyType = 1;
			remoteGlobalIDString = 964415B41B4A780500F47DAA;
			remoteInfo = HelloWorld;
		};
/* End PBXContainerItemProxy section */

/* Begin PBXFileReference section */
		964415B51B4A780500F47DAA /* HelloWorld.app */ = {isa = PBXFileReference; explicitFileType = wrapper.application; includeInIndex = 0; path = HelloWorld.app; sourceTree = BUILT_PRODUCTS_DIR; };
		964415B91B4A780500F47DAA /* Info.plist */ = {isa = PBXFileReference; lastKnownFileType = text.plist.xml; path = Info.plist; sourceTree = "<group>"; };
		964415BA1B4A780500F47DAA /* AppDelegate.swift */ = {isa = PBXFileReference; lastKnownFileType = sourcecode.swift; path = AppDelegate.swift; sourceTree = "<group>"; };
		964415BC1B4A780600F47DAA /* SearchResultsViewController.swift */ = {isa = PBXFileReference; lastKnownFileType = sourcecode.swift; path = SearchResultsViewController.swift; sourceTree = "<group>"; };
		964415BF1B4A780600F47DAA /* Base */ = {isa = PBXFileReference; lastKnownFileType = file.storyboard; name = Base; path = Base.lproj/Main.storyboard; sourceTree = "<group>"; };
		964415C11B4A780600F47DAA /* Images.xcassets */ = {isa = PBXFileReference; lastKnownFileType = folder.assetcatalog; path = Images.xcassets; sourceTree = "<group>"; };
		964415C41B4A780600F47DAA /* Base */ = {isa = PBXFileReference; lastKnownFileType = file.xib; name = Base; path = Base.lproj/LaunchScreen.xib; sourceTree = "<group>"; };
		964415CA1B4A780600F47DAA /* HelloWorldTests.xctest */ = {isa = PBXFileReference; explicitFileType = wrapper.cfbundle; includeInIndex = 0; path = HelloWorldTests.xctest; sourceTree = BUILT_PRODUCTS_DIR; };
		964415CF1B4A780600F47DAA /* Info.plist */ = {isa = PBXFileReference; lastKnownFileType = text.plist.xml; path = Info.plist; sourceTree = "<group>"; };
		964415D01B4A780600F47DAA /* HelloWorldTests.swift */ = {isa = PBXFileReference; lastKnownFileType = sourcecode.swift; path = HelloWorldTests.swift; sourceTree = "<group>"; };
		964415DA1B4A836B00F47DAA /* APIController.swift */ = {isa = PBXFileReference; fileEncoding = 4; lastKnownFileType = sourcecode.swift; path = APIController.swift; sourceTree = "<group>"; };
/* End PBXFileReference section */

/* Begin PBXFrameworksBuildPhase section */
		964415B21B4A780500F47DAA /* Frameworks */ = {
			isa = PBXFrameworksBuildPhase;
			buildActionMask = 2147483647;
			files = (
			);
			runOnlyForDeploymentPostprocessing = 0;
		};
		964415C71B4A780600F47DAA /* Frameworks */ = {
			isa = PBXFrameworksBuildPhase;
			buildActionMask = 2147483647;
			files = (
			);
			runOnlyForDeploymentPostprocessing = 0;
		};
/* End PBXFrameworksBuildPhase section */

/* Begin PBXGroup section */
		964415AC1B4A780500F47DAA = {
			isa = PBXGroup;
			children = (
				964415B71B4A780500F47DAA /* HelloWorld */,
				964415CD1B4A780600F47DAA /* HelloWorldTests */,
				964415B61B4A780500F47DAA /* Products */,
			);
			sourceTree = "<group>";
		};
		964415B61B4A780500F47DAA /* Products */ = {
			isa = PBXGroup;
			children = (
				964415B51B4A780500F47DAA /* HelloWorld.app */,
				964415CA1B4A780600F47DAA /* HelloWorldTests.xctest */,
			);
			name = Products;
			sourceTree = "<group>";
		};
		964415B71B4A780500F47DAA /* HelloWorld */ = {
			isa = PBXGroup;
			children = (
				964415BA1B4A780500F47DAA /* AppDelegate.swift */,
				964415BC1B4A780600F47DAA /* SearchResultsViewController.swift */,
				964415DA1B4A836B00F47DAA /* APIController.swift */,
				964415BE1B4A780600F47DAA /* Main.storyboard */,
				964415C11B4A780600F47DAA /* Images.xcassets */,
				964415C31B4A780600F47DAA /* LaunchScreen.xib */,
				964415B81B4A780500F47DAA /* Supporting Files */,
			);
			path = HelloWorld;
			sourceTree = "<group>";
		};
		964415B81B4A780500F47DAA /* Supporting Files */ = {
			isa = PBXGroup;
			children = (
				964415B91B4A780500F47DAA /* Info.plist */,
			);
			name = "Supporting Files";
			sourceTree = "<group>";
		};
		964415CD1B4A780600F47DAA /* HelloWorldTests */ = {
			isa = PBXGroup;
			children = (
				964415D01B4A780600F47DAA /* HelloWorldTests.swift */,
				964415CE1B4A780600F47DAA /* Supporting Files */,
			);
			path = HelloWorldTests;
			sourceTree = "<group>";
		};
		964415CE1B4A780600F47DAA /* Supporting Files */ = {
			isa = PBXGroup;
			children = (
				964415CF1B4A780600F47DAA /* Info.plist */,
			);
			name = "Supporting Files";
			sourceTree = "<group>";
		};
/* End PBXGroup section */

/* Begin PBXNativeTarget section */
		964415B41B4A780500F47DAA /* HelloWorld */ = {
			isa = PBXNativeTarget;
			buildConfigurationList = 964415D41B4A780600F47DAA /* Build configuration list for PBXNativeTarget "HelloWorld" */;
			buildPhases = (
				964415B11B4A780500F47DAA /* Sources */,
				964415B21B4A780500F47DAA /* Frameworks */,
				964415B31B4A780500F47DAA /* Resources */,
			);
			buildRules = (
			);
			dependencies = (
			);
			name = HelloWorld;
			productName = HelloWorld;
			productReference = 964415B51B4A780500F47DAA /* HelloWorld.app */;
			productType = "com.apple.product-type.application";
		};
		964415C91B4A780600F47DAA /* HelloWorldTests */ = {
			isa = PBXNativeTarget;
			buildConfigurationList = 964415D71B4A780600F47DAA /* Build configuration list for PBXNativeTarget "HelloWorldTests" */;
			buildPhases = (
				964415C61B4A780600F47DAA /* Sources */,
				964415C71B4A780600F47DAA /* Frameworks */,
				964415C81B4A780600F47DAA /* Resources */,
			);
			buildRules = (
			);
			dependencies = (
				964415CC1B4A780600F47DAA /* PBXTargetDependency */,
			);
			name = HelloWorldTests;
			productName = HelloWorldTests;
			productReference = 964415CA1B4A780600F47DAA /* HelloWorldTests.xctest */;
			productType = "com.apple.product-type.bundle.unit-test";
		};
/* End PBXNativeTarget section */

/* Begin PBXProject section */
		964415AD1B4A780500F47DAA /* Project object */ = {
			isa = PBXProject;
			attributes = {
				LastUpgradeCheck = 0640;
				ORGANIZATIONNAME = BPACA;
				TargetAttributes = {
					964415B41B4A780500F47DAA = {
						CreatedOnToolsVersion = 6.4;
					};
					964415C91B4A780600F47DAA = {
						CreatedOnToolsVersion = 6.4;
						TestTargetID = 964415B41B4A780500F47DAA;
					};
				};
			};
			buildConfigurationList = 964415B01B4A780500F47DAA /* Build configuration list for PBXProject "HelloWorld" */;
			compatibilityVersion = "Xcode 3.2";
			developmentRegion = English;
			hasScannedForEncodings = 0;
			knownRegions = (
				en,
				Base,
			);
			mainGroup = 964415AC1B4A780500F47DAA;
			productRefGroup = 964415B61B4A780500F47DAA /* Products */;
			projectDirPath = "";
			projectRoot = "";
			targets = (
				964415B41B4A780500F47DAA /* HelloWorld */,
				964415C91B4A780600F47DAA /* HelloWorldTests */,
			);
		};
/* End PBXProject section */

/* Begin PBXResourcesBuildPhase section */
		964415B31B4A780500F47DAA /* Resources */ = {
			isa = PBXResourcesBuildPhase;
			buildActionMask = 2147483647;
			files = (
				964415C01B4A780600F47DAA /* Main.storyboard in Resources */,
				964415C51B4A780600F47DAA /* LaunchScreen.xib in Resources */,
				964415C21B4A780600F47DAA /* Images.xcassets in Resources */,
			);
			runOnlyForDeploymentPostprocessing = 0;
		};
		964415C81B4A780600F47DAA /* Resources */ = {
			isa = PBXResourcesBuildPhase;
			buildActionMask = 2147483647;
			files = (
			);
			runOnlyForDeploymentPostprocessing = 0;
		};
/* End PBXResourcesBuildPhase section */

/* Begin PBXSourcesBuildPhase section */
		964415B11B4A780500F47DAA /* Sources */ = {
			isa = PBXSourcesBuildPhase;
			buildActionMask = 2147483647;
			files = (
				964415BD1B4A780600F47DAA /* SearchResultsViewController.swift in Sources */,
				964415BB1B4A780600F47DAA /* AppDelegate.swift in Sources */,
				964415DB1B4A836B00F47DAA /* APIController.swift in Sources */,
			);
			runOnlyForDeploymentPostprocessing = 0;
		};
		964415C61B4A780600F47DAA /* Sources */ = {
			isa = PBXSourcesBuildPhase;
			buildActionMask = 2147483647;
			files = (
				964415D11B4A780600F47DAA /* HelloWorldTests.swift in Sources */,
			);
			runOnlyForDeploymentPostprocessing = 0;
		};
/* End PBXSourcesBuildPhase section */

/* Begin PBXTargetDependency section */
		964415CC1B4A780600F47DAA /* PBXTargetDependency */ = {
			isa = PBXTargetDependency;
			target = 964415B41B4A780500F47DAA /* HelloWorld */;
			targetProxy = 964415CB1B4A780600F47DAA /* PBXContainerItemProxy */;
		};
/* End PBXTargetDependency section */

/* Begin PBXVariantGroup section */
		964415BE1B4A780600F47DAA /* Main.storyboard */ = {
			isa = PBXVariantGroup;
			children = (
				964415BF1B4A780600F47DAA /* Base */,
			);
			name = Main.storyboard;
			sourceTree = "<group>";
		};
		964415C31B4A780600F47DAA /* LaunchScreen.xib */ = {
			isa = PBXVariantGroup;
			children = (
				964415C41B4A780600F47DAA /* Base */,
			);
			name = LaunchScreen.xib;
			sourceTree = "<group>";
		};
/* End PBXVariantGroup section */

/* Begin XCBuildConfiguration section */
		964415D21B4A780600F47DAA /* Debug */ = {
			isa = XCBuildConfiguration;
			buildSettings = {
				ALWAYS_SEARCH_USER_PATHS = NO;
				CLANG_CXX_LANGUAGE_STANDARD = "gnu++0x";
				CLANG_CXX_LIBRARY = "libc++";
				CLANG_ENABLE_MODULES = YES;
				CLANG_ENABLE_OBJC_ARC = YES;
				CLANG_WARN_BOOL_CONVERSION = YES;
				CLANG_WARN_CONSTANT_CONVERSION = YES;
				CLANG_WARN_DIRECT_OBJC_ISA_USAGE = YES_ERROR;
				CLANG_WARN_EMPTY_BODY = YES;
				CLANG_WARN_ENUM_CONVERSION = YES;
				CLANG_WARN_INT_CONVERSION = YES;
				CLANG_WARN_OBJC_ROOT_CLASS = YES_ERROR;
				CLANG_WARN_UNREACHABLE_CODE = YES;
				CLANG_WARN__DUPLICATE_METHOD_MATCH = YES;
				"CODE_SIGN_IDENTITY[sdk=iphoneos*]" = "iPhone Developer";
				COPY_PHASE_STRIP = NO;
				DEBUG_INFORMATION_FORMAT = "dwarf-with-dsym";
				ENABLE_STRICT_OBJC_MSGSEND = YES;
				GCC_C_LANGUAGE_STANDARD = gnu99;
				GCC_DYNAMIC_NO_PIC = NO;
				GCC_NO_COMMON_BLOCKS = YES;
				GCC_OPTIMIZATION_LEVEL = 0;
				GCC_PREPROCESSOR_DEFINITIONS = (
					"DEBUG=1",
					"$(inherited)",
				);
				GCC_SYMBOLS_PRIVATE_EXTERN = NO;
				GCC_WARN_64_TO_32_BIT_CONVERSION = YES;
				GCC_WARN_ABOUT_RETURN_TYPE = YES_ERROR;
				GCC_WARN_UNDECLARED_SELECTOR = YES;
				GCC_WARN_UNINITIALIZED_AUTOS = YES_AGGRESSIVE;
				GCC_WARN_UNUSED_FUNCTION = YES;
				GCC_WARN_UNUSED_VARIABLE = YES;
				IPHONEOS_DEPLOYMENT_TARGET = 8.4;
				MTL_ENABLE_DEBUG_INFO = YES;
				ONLY_ACTIVE_ARCH = YES;
				SDKROOT = iphoneos;
				SWIFT_OPTIMIZATION_LEVEL = "-Onone";
			};
			name = Debug;
		};
		964415D31B4A780600F47DAA /* Release */ = {
			isa = XCBuildConfiguration;
			buildSettings = {
				ALWAYS_SEARCH_USER_PATHS = NO;
				CLANG_CXX_LANGUAGE_STANDARD = "gnu++0x";
				CLANG_CXX_LIBRARY = "libc++";
				CLANG_ENABLE_MODULES = YES;
				CLANG_ENABLE_OBJC_ARC = YES;
				CLANG_WARN_BOOL_CONVERSION = YES;
				CLANG_WARN_CONSTANT_CONVERSION = YES;
				CLANG_WARN_DIRECT_OBJC_ISA_USAGE = YES_ERROR;
				CLANG_WARN_EMPTY_BODY = YES;
				CLANG_WARN_ENUM_CONVERSION = YES;
				CLANG_WARN_INT_CONVERSION = YES;
				CLANG_WARN_OBJC_ROOT_CLASS = YES_ERROR;
				CLANG_WARN_UNREACHABLE_CODE = YES;
				CLANG_WARN__DUPLICATE_METHOD_MATCH = YES;
				"CODE_SIGN_IDENTITY[sdk=iphoneos*]" = "iPhone Developer";
				COPY_PHASE_STRIP = NO;
				DEBUG_INFORMATION_FORMAT = "dwarf-with-dsym";
				ENABLE_NS_ASSERTIONS = NO;
				ENABLE_STRICT_OBJC_MSGSEND = YES;
				GCC_C_LANGUAGE_STANDARD = gnu99;
				GCC_NO_COMMON_BLOCKS = YES;
				GCC_WARN_64_TO_32_BIT_CONVERSION = YES;
				GCC_WARN_ABOUT_RETURN_TYPE = YES_ERROR;
				GCC_WARN_UNDECLARED_SELECTOR = YES;
				GCC_WARN_UNINITIALIZED_AUTOS = YES_AGGRESSIVE;
				GCC_WARN_UNUSED_FUNCTION = YES;
				GCC_WARN_UNUSED_VARIABLE = YES;
				IPHONEOS_DEPLOYMENT_TARGET = 8.4;
				MTL_ENABLE_DEBUG_INFO = NO;
				SDKROOT = iphoneos;
				VALIDATE_PRODUCT = YES;
			};
			name = Release;
		};
		964415D51B4A780600F47DAA /* Debug */ = {
			isa = XCBuildConfiguration;
			buildSettings = {
				ASSETCATALOG_COMPILER_APPICON_NAME = AppIcon;
				INFOPLIST_FILE = HelloWorld/Info.plist;
				LD_RUNPATH_SEARCH_PATHS = "$(inherited) @executable_path/Frameworks";
				PRODUCT_NAME = "$(TARGET_NAME)";
			};
			name = Debug;
		};
		964415D61B4A780600F47DAA /* Release */ = {
			isa = XCBuildConfiguration;
			buildSettings = {
				ASSETCATALOG_COMPILER_APPICON_NAME = AppIcon;
				INFOPLIST_FILE = HelloWorld/Info.plist;
				LD_RUNPATH_SEARCH_PATHS = "$(inherited) @executable_path/Frameworks";
				PRODUCT_NAME = "$(TARGET_NAME)";
			};
			name = Release;
		};
		964415D81B4A780600F47DAA /* Debug */ = {
			isa = XCBuildConfiguration;
			buildSettings = {
				BUNDLE_LOADER = "$(TEST_HOST)";
				FRAMEWORK_SEARCH_PATHS = (
					"$(SDKROOT)/Developer/Library/Frameworks",
					"$(inherited)",
				);
				GCC_PREPROCESSOR_DEFINITIONS = (
					"DEBUG=1",
					"$(inherited)",
				);
				INFOPLIST_FILE = HelloWorldTests/Info.plist;
				LD_RUNPATH_SEARCH_PATHS = "$(inherited) @executable_path/Frameworks @loader_path/Frameworks";
				PRODUCT_NAME = "$(TARGET_NAME)";
				TEST_HOST = "$(BUILT_PRODUCTS_DIR)/HelloWorld.app/HelloWorld";
			};
			name = Debug;
		};
		964415D91B4A780600F47DAA /* Release */ = {
			isa = XCBuildConfiguration;
			buildSettings = {
				BUNDLE_LOADER = "$(TEST_HOST)";
				FRAMEWORK_SEARCH_PATHS = (
					"$(SDKROOT)/Developer/Library/Frameworks",
					"$(inherited)",
				);
				INFOPLIST_FILE = HelloWorldTests/Info.plist;
				LD_RUNPATH_SEARCH_PATHS = "$(inherited) @executable_path/Frameworks @loader_path/Frameworks";
				PRODUCT_NAME = "$(TARGET_NAME)";
				TEST_HOST = "$(BUILT_PRODUCTS_DIR)/HelloWorld.app/HelloWorld";
			};
			name = Release;
		};
/* End XCBuildConfiguration section */

/* Begin XCConfigurationList section */
		964415B01B4A780500F47DAA /* Build configuration list for PBXProject "HelloWorld" */ = {
			isa = XCConfigurationList;
			buildConfigurations = (
				964415D21B4A780600F47DAA /* Debug */,
				964415D31B4A780600F47DAA /* Release */,
			);
			defaultConfigurationIsVisible = 0;
			defaultConfigurationName = Release;
		};
		964415D41B4A780600F47DAA /* Build configuration list for PBXNativeTarget "HelloWorld" */ = {
			isa = XCConfigurationList;
			buildConfigurations = (
				964415D51B4A780600F47DAA /* Debug */,
				964415D61B4A780600F47DAA /* Release */,
			);
			defaultConfigurationIsVisible = 0;
		};
		964415D71B4A780600F47DAA /* Build configuration list for PBXNativeTarget "HelloWorldTests" */ = {
			isa = XCConfigurationList;
			buildConfigurations = (
				964415D81B4A780600F47DAA /* Debug */,
				964415D91B4A780600F47DAA /* Release */,
			);
			defaultConfigurationIsVisible = 0;
		};
/* End XCConfigurationList section */
	};
	rootObject = 964415AD1B4A780500F47DAA /* Project object */;
}
