// !$*UTF8*$!
{
	archiveVersion = 1;
	classes = {
	};
	objectVersion = 46;
	objects = {

/* Begin PBXBuildFile section */
		9631E6E81AF22A36003FA744 /* AppDelegate.swift in Sources */ = {isa = PBXBuildFile; fileRef = 9631E6E71AF22A36003FA744 /* AppDelegate.swift */; };
		9631E6EF1AF22A36003FA744 /* Main.storyboard in Resources */ = {isa = PBXBuildFile; fileRef = 9631E6ED1AF22A36003FA744 /* Main.storyboard */; };
		9631E6F11AF22A36003FA744 /* Images.xcassets in Resources */ = {isa = PBXBuildFile; fileRef = 9631E6F01AF22A36003FA744 /* Images.xcassets */; };
		9631E6F41AF22A36003FA744 /* LaunchScreen.xib in Resources */ = {isa = PBXBuildFile; fileRef = 9631E6F21AF22A36003FA744 /* LaunchScreen.xib */; };
		9631E7001AF22A37003FA744 /* FlourishTests.swift in Sources */ = {isa = PBXBuildFile; fileRef = 9631E6FF1AF22A37003FA744 /* FlourishTests.swift */; };
		9631E7221AF24E18003FA744 /* EntryFormController.swift in Sources */ = {isa = PBXBuildFile; fileRef = 9631E7211AF24E18003FA744 /* EntryFormController.swift */; };
		9631E7251AF251A4003FA744 /* UIColorHelper.swift in Sources */ = {isa = PBXBuildFile; fileRef = 9631E7241AF251A4003FA744 /* UIColorHelper.swift */; };
/* End PBXBuildFile section */

/* Begin PBXContainerItemProxy section */
		9631E6FA1AF22A37003FA744 /* PBXContainerItemProxy */ = {
			isa = PBXContainerItemProxy;
			containerPortal = 9631E6DA1AF22A36003FA744 /* Project object */;
			proxyType = 1;
			remoteGlobalIDString = 9631E6E11AF22A36003FA744;
			remoteInfo = Flourish;
		};
/* End PBXContainerItemProxy section */

/* Begin PBXFileReference section */
		9631E6E21AF22A36003FA744 /* Flourish.app */ = {isa = PBXFileReference; explicitFileType = wrapper.application; includeInIndex = 0; path = Flourish.app; sourceTree = BUILT_PRODUCTS_DIR; };
		9631E6E61AF22A36003FA744 /* Info.plist */ = {isa = PBXFileReference; lastKnownFileType = text.plist.xml; path = Info.plist; sourceTree = "<group>"; };
		9631E6E71AF22A36003FA744 /* AppDelegate.swift */ = {isa = PBXFileReference; lastKnownFileType = sourcecode.swift; path = AppDelegate.swift; sourceTree = "<group>"; };
		9631E6EE1AF22A36003FA744 /* Base */ = {isa = PBXFileReference; lastKnownFileType = file.storyboard; name = Base; path = Base.lproj/Main.storyboard; sourceTree = "<group>"; };
		9631E6F01AF22A36003FA744 /* Images.xcassets */ = {isa = PBXFileReference; lastKnownFileType = folder.assetcatalog; path = Images.xcassets; sourceTree = "<group>"; };
		9631E6F31AF22A36003FA744 /* Base */ = {isa = PBXFileReference; lastKnownFileType = file.xib; name = Base; path = Base.lproj/LaunchScreen.xib; sourceTree = "<group>"; };
		9631E6F91AF22A37003FA744 /* FlourishTests.xctest */ = {isa = PBXFileReference; explicitFileType = wrapper.cfbundle; includeInIndex = 0; path = FlourishTests.xctest; sourceTree = BUILT_PRODUCTS_DIR; };
		9631E6FE1AF22A37003FA744 /* Info.plist */ = {isa = PBXFileReference; lastKnownFileType = text.plist.xml; path = Info.plist; sourceTree = "<group>"; };
		9631E6FF1AF22A37003FA744 /* FlourishTests.swift */ = {isa = PBXFileReference; lastKnownFileType = sourcecode.swift; path = FlourishTests.swift; sourceTree = "<group>"; };
		9631E7211AF24E18003FA744 /* EntryFormController.swift */ = {isa = PBXFileReference; fileEncoding = 4; lastKnownFileType = sourcecode.swift; path = EntryFormController.swift; sourceTree = "<group>"; };
		9631E7241AF251A4003FA744 /* UIColorHelper.swift */ = {isa = PBXFileReference; fileEncoding = 4; lastKnownFileType = sourcecode.swift; path = UIColorHelper.swift; sourceTree = "<group>"; };
/* End PBXFileReference section */

/* Begin PBXFrameworksBuildPhase section */
		9631E6DF1AF22A36003FA744 /* Frameworks */ = {
			isa = PBXFrameworksBuildPhase;
			buildActionMask = 2147483647;
			files = (
			);
			runOnlyForDeploymentPostprocessing = 0;
		};
		9631E6F61AF22A37003FA744 /* Frameworks */ = {
			isa = PBXFrameworksBuildPhase;
			buildActionMask = 2147483647;
			files = (
			);
			runOnlyForDeploymentPostprocessing = 0;
		};
/* End PBXFrameworksBuildPhase section */

/* Begin PBXGroup section */
		9631E6D91AF22A36003FA744 = {
			isa = PBXGroup;
			children = (
				9631E6E41AF22A36003FA744 /* Flourish */,
				9631E6FC1AF22A37003FA744 /* FlourishTests */,
				9631E6E31AF22A36003FA744 /* Products */,
			);
			sourceTree = "<group>";
		};
		9631E6E31AF22A36003FA744 /* Products */ = {
			isa = PBXGroup;
			children = (
				9631E6E21AF22A36003FA744 /* Flourish.app */,
				9631E6F91AF22A37003FA744 /* FlourishTests.xctest */,
			);
			name = Products;
			sourceTree = "<group>";
		};
		9631E6E41AF22A36003FA744 /* Flourish */ = {
			isa = PBXGroup;
			children = (
				9631E7231AF2518A003FA744 /* Helpers */,
				9631E6E71AF22A36003FA744 /* AppDelegate.swift */,
				9631E7211AF24E18003FA744 /* EntryFormController.swift */,
				9631E6ED1AF22A36003FA744 /* Main.storyboard */,
				9631E6F01AF22A36003FA744 /* Images.xcassets */,
				9631E6F21AF22A36003FA744 /* LaunchScreen.xib */,
				9631E6E51AF22A36003FA744 /* Supporting Files */,
			);
			path = Flourish;
			sourceTree = "<group>";
		};
		9631E6E51AF22A36003FA744 /* Supporting Files */ = {
			isa = PBXGroup;
			children = (
				9631E6E61AF22A36003FA744 /* Info.plist */,
			);
			name = "Supporting Files";
			sourceTree = "<group>";
		};
		9631E6FC1AF22A37003FA744 /* FlourishTests */ = {
			isa = PBXGroup;
			children = (
				9631E6FF1AF22A37003FA744 /* FlourishTests.swift */,
				9631E6FD1AF22A37003FA744 /* Supporting Files */,
			);
			path = FlourishTests;
			sourceTree = "<group>";
		};
		9631E6FD1AF22A37003FA744 /* Supporting Files */ = {
			isa = PBXGroup;
			children = (
				9631E6FE1AF22A37003FA744 /* Info.plist */,
			);
			name = "Supporting Files";
			sourceTree = "<group>";
		};
		9631E7231AF2518A003FA744 /* Helpers */ = {
			isa = PBXGroup;
			children = (
				9631E7241AF251A4003FA744 /* UIColorHelper.swift */,
			);
			name = Helpers;
			sourceTree = "<group>";
		};
/* End PBXGroup section */

/* Begin PBXNativeTarget section */
		9631E6E11AF22A36003FA744 /* Flourish */ = {
			isa = PBXNativeTarget;
			buildConfigurationList = 9631E7031AF22A37003FA744 /* Build configuration list for PBXNativeTarget "Flourish" */;
			buildPhases = (
				9631E6DE1AF22A36003FA744 /* Sources */,
				9631E6DF1AF22A36003FA744 /* Frameworks */,
				9631E6E01AF22A36003FA744 /* Resources */,
			);
			buildRules = (
			);
			dependencies = (
			);
			name = Flourish;
			productName = Flourish;
			productReference = 9631E6E21AF22A36003FA744 /* Flourish.app */;
			productType = "com.apple.product-type.application";
		};
		9631E6F81AF22A37003FA744 /* FlourishTests */ = {
			isa = PBXNativeTarget;
			buildConfigurationList = 9631E7061AF22A37003FA744 /* Build configuration list for PBXNativeTarget "FlourishTests" */;
			buildPhases = (
				9631E6F51AF22A37003FA744 /* Sources */,
				9631E6F61AF22A37003FA744 /* Frameworks */,
				9631E6F71AF22A37003FA744 /* Resources */,
			);
			buildRules = (
			);
			dependencies = (
				9631E6FB1AF22A37003FA744 /* PBXTargetDependency */,
			);
			name = FlourishTests;
			productName = FlourishTests;
			productReference = 9631E6F91AF22A37003FA744 /* FlourishTests.xctest */;
			productType = "com.apple.product-type.bundle.unit-test";
		};
/* End PBXNativeTarget section */

/* Begin PBXProject section */
		9631E6DA1AF22A36003FA744 /* Project object */ = {
			isa = PBXProject;
			attributes = {
				LastUpgradeCheck = 0630;
				ORGANIZATIONNAME = "Lanusse Baptiste";
				TargetAttributes = {
					9631E6E11AF22A36003FA744 = {
						CreatedOnToolsVersion = 6.3.1;
					};
					9631E6F81AF22A37003FA744 = {
						CreatedOnToolsVersion = 6.3.1;
						TestTargetID = 9631E6E11AF22A36003FA744;
					};
				};
			};
			buildConfigurationList = 9631E6DD1AF22A36003FA744 /* Build configuration list for PBXProject "Flourish" */;
			compatibilityVersion = "Xcode 3.2";
			developmentRegion = English;
			hasScannedForEncodings = 0;
			knownRegions = (
				en,
				Base,
			);
			mainGroup = 9631E6D91AF22A36003FA744;
			productRefGroup = 9631E6E31AF22A36003FA744 /* Products */;
			projectDirPath = "";
			projectRoot = "";
			targets = (
				9631E6E11AF22A36003FA744 /* Flourish */,
				9631E6F81AF22A37003FA744 /* FlourishTests */,
			);
		};
/* End PBXProject section */

/* Begin PBXResourcesBuildPhase section */
		9631E6E01AF22A36003FA744 /* Resources */ = {
			isa = PBXResourcesBuildPhase;
			buildActionMask = 2147483647;
			files = (
				9631E6EF1AF22A36003FA744 /* Main.storyboard in Resources */,
				9631E6F41AF22A36003FA744 /* LaunchScreen.xib in Resources */,
				9631E6F11AF22A36003FA744 /* Images.xcassets in Resources */,
			);
			runOnlyForDeploymentPostprocessing = 0;
		};
		9631E6F71AF22A37003FA744 /* Resources */ = {
			isa = PBXResourcesBuildPhase;
			buildActionMask = 2147483647;
			files = (
			);
			runOnlyForDeploymentPostprocessing = 0;
		};
/* End PBXResourcesBuildPhase section */

/* Begin PBXSourcesBuildPhase section */
		9631E6DE1AF22A36003FA744 /* Sources */ = {
			isa = PBXSourcesBuildPhase;
			buildActionMask = 2147483647;
			files = (
				9631E7251AF251A4003FA744 /* UIColorHelper.swift in Sources */,
				9631E6E81AF22A36003FA744 /* AppDelegate.swift in Sources */,
				9631E7221AF24E18003FA744 /* EntryFormController.swift in Sources */,
			);
			runOnlyForDeploymentPostprocessing = 0;
		};
		9631E6F51AF22A37003FA744 /* Sources */ = {
			isa = PBXSourcesBuildPhase;
			buildActionMask = 2147483647;
			files = (
				9631E7001AF22A37003FA744 /* FlourishTests.swift in Sources */,
			);
			runOnlyForDeploymentPostprocessing = 0;
		};
/* End PBXSourcesBuildPhase section */

/* Begin PBXTargetDependency section */
		9631E6FB1AF22A37003FA744 /* PBXTargetDependency */ = {
			isa = PBXTargetDependency;
			target = 9631E6E11AF22A36003FA744 /* Flourish */;
			targetProxy = 9631E6FA1AF22A37003FA744 /* PBXContainerItemProxy */;
		};
/* End PBXTargetDependency section */

/* Begin PBXVariantGroup section */
		9631E6ED1AF22A36003FA744 /* Main.storyboard */ = {
			isa = PBXVariantGroup;
			children = (
				9631E6EE1AF22A36003FA744 /* Base */,
			);
			name = Main.storyboard;
			sourceTree = "<group>";
		};
		9631E6F21AF22A36003FA744 /* LaunchScreen.xib */ = {
			isa = PBXVariantGroup;
			children = (
				9631E6F31AF22A36003FA744 /* Base */,
			);
			name = LaunchScreen.xib;
			sourceTree = "<group>";
		};
/* End PBXVariantGroup section */

/* Begin XCBuildConfiguration section */
		9631E7011AF22A37003FA744 /* Debug */ = {
			isa = XCBuildConfiguration;
			buildSettings = {
				ALWAYS_SEARCH_USER_PATHS = NO;
				CLANG_CXX_LANGUAGE_STANDARD = "gnu++0x";
				CLANG_CXX_LIBRARY = "libc++";
				CLANG_ENABLE_MODULES = YES;
				CLANG_ENABLE_OBJC_ARC = YES;
				CLANG_WARN_BOOL_CONVERSION = YES;
				CLANG_WARN_CONSTANT_CONVERSION = YES;
				CLANG_WARN_DIRECT_OBJC_ISA_USAGE = YES_ERROR;
				CLANG_WARN_EMPTY_BODY = YES;
				CLANG_WARN_ENUM_CONVERSION = YES;
				CLANG_WARN_INT_CONVERSION = YES;
				CLANG_WARN_OBJC_ROOT_CLASS = YES_ERROR;
				CLANG_WARN_UNREACHABLE_CODE = YES;
				CLANG_WARN__DUPLICATE_METHOD_MATCH = YES;
				"CODE_SIGN_IDENTITY[sdk=iphoneos*]" = "iPhone Developer";
				COPY_PHASE_STRIP = NO;
				DEBUG_INFORMATION_FORMAT = "dwarf-with-dsym";
				ENABLE_STRICT_OBJC_MSGSEND = YES;
				GCC_C_LANGUAGE_STANDARD = gnu99;
				GCC_DYNAMIC_NO_PIC = NO;
				GCC_NO_COMMON_BLOCKS = YES;
				GCC_OPTIMIZATION_LEVEL = 0;
				GCC_PREPROCESSOR_DEFINITIONS = (
					"DEBUG=1",
					"$(inherited)",
				);
				GCC_SYMBOLS_PRIVATE_EXTERN = NO;
				GCC_WARN_64_TO_32_BIT_CONVERSION = YES;
				GCC_WARN_ABOUT_RETURN_TYPE = YES_ERROR;
				GCC_WARN_UNDECLARED_SELECTOR = YES;
				GCC_WARN_UNINITIALIZED_AUTOS = YES_AGGRESSIVE;
				GCC_WARN_UNUSED_FUNCTION = YES;
				GCC_WARN_UNUSED_VARIABLE = YES;
				IPHONEOS_DEPLOYMENT_TARGET = 8.3;
				MTL_ENABLE_DEBUG_INFO = YES;
				ONLY_ACTIVE_ARCH = YES;
				SDKROOT = iphoneos;
				SWIFT_OPTIMIZATION_LEVEL = "-Onone";
			};
			name = Debug;
		};
		9631E7021AF22A37003FA744 /* Release */ = {
			isa = XCBuildConfiguration;
			buildSettings = {
				ALWAYS_SEARCH_USER_PATHS = NO;
				CLANG_CXX_LANGUAGE_STANDARD = "gnu++0x";
				CLANG_CXX_LIBRARY = "libc++";
				CLANG_ENABLE_MODULES = YES;
				CLANG_ENABLE_OBJC_ARC = YES;
				CLANG_WARN_BOOL_CONVERSION = YES;
				CLANG_WARN_CONSTANT_CONVERSION = YES;
				CLANG_WARN_DIRECT_OBJC_ISA_USAGE = YES_ERROR;
				CLANG_WARN_EMPTY_BODY = YES;
				CLANG_WARN_ENUM_CONVERSION = YES;
				CLANG_WARN_INT_CONVERSION = YES;
				CLANG_WARN_OBJC_ROOT_CLASS = YES_ERROR;
				CLANG_WARN_UNREACHABLE_CODE = YES;
				CLANG_WARN__DUPLICATE_METHOD_MATCH = YES;
				"CODE_SIGN_IDENTITY[sdk=iphoneos*]" = "iPhone Developer";
				COPY_PHASE_STRIP = NO;
				DEBUG_INFORMATION_FORMAT = "dwarf-with-dsym";
				ENABLE_NS_ASSERTIONS = NO;
				ENABLE_STRICT_OBJC_MSGSEND = YES;
				GCC_C_LANGUAGE_STANDARD = gnu99;
				GCC_NO_COMMON_BLOCKS = YES;
				GCC_WARN_64_TO_32_BIT_CONVERSION = YES;
				GCC_WARN_ABOUT_RETURN_TYPE = YES_ERROR;
				GCC_WARN_UNDECLARED_SELECTOR = YES;
				GCC_WARN_UNINITIALIZED_AUTOS = YES_AGGRESSIVE;
				GCC_WARN_UNUSED_FUNCTION = YES;
				GCC_WARN_UNUSED_VARIABLE = YES;
				IPHONEOS_DEPLOYMENT_TARGET = 8.3;
				MTL_ENABLE_DEBUG_INFO = NO;
				SDKROOT = iphoneos;
				VALIDATE_PRODUCT = YES;
			};
			name = Release;
		};
		9631E7041AF22A37003FA744 /* Debug */ = {
			isa = XCBuildConfiguration;
			buildSettings = {
				ASSETCATALOG_COMPILER_APPICON_NAME = AppIcon;
				INFOPLIST_FILE = Flourish/Info.plist;
				LD_RUNPATH_SEARCH_PATHS = "$(inherited) @executable_path/Frameworks";
				PRODUCT_NAME = "$(TARGET_NAME)";
			};
			name = Debug;
		};
		9631E7051AF22A37003FA744 /* Release */ = {
			isa = XCBuildConfiguration;
			buildSettings = {
				ASSETCATALOG_COMPILER_APPICON_NAME = AppIcon;
				INFOPLIST_FILE = Flourish/Info.plist;
				LD_RUNPATH_SEARCH_PATHS = "$(inherited) @executable_path/Frameworks";
				PRODUCT_NAME = "$(TARGET_NAME)";
			};
			name = Release;
		};
		9631E7071AF22A37003FA744 /* Debug */ = {
			isa = XCBuildConfiguration;
			buildSettings = {
				BUNDLE_LOADER = "$(TEST_HOST)";
				FRAMEWORK_SEARCH_PATHS = (
					"$(SDKROOT)/Developer/Library/Frameworks",
					"$(inherited)",
				);
				GCC_PREPROCESSOR_DEFINITIONS = (
					"DEBUG=1",
					"$(inherited)",
				);
				INFOPLIST_FILE = FlourishTests/Info.plist;
				LD_RUNPATH_SEARCH_PATHS = "$(inherited) @executable_path/Frameworks @loader_path/Frameworks";
				PRODUCT_NAME = "$(TARGET_NAME)";
				TEST_HOST = "$(BUILT_PRODUCTS_DIR)/Flourish.app/Flourish";
			};
			name = Debug;
		};
		9631E7081AF22A37003FA744 /* Release */ = {
			isa = XCBuildConfiguration;
			buildSettings = {
				BUNDLE_LOADER = "$(TEST_HOST)";
				FRAMEWORK_SEARCH_PATHS = (
					"$(SDKROOT)/Developer/Library/Frameworks",
					"$(inherited)",
				);
				INFOPLIST_FILE = FlourishTests/Info.plist;
				LD_RUNPATH_SEARCH_PATHS = "$(inherited) @executable_path/Frameworks @loader_path/Frameworks";
				PRODUCT_NAME = "$(TARGET_NAME)";
				TEST_HOST = "$(BUILT_PRODUCTS_DIR)/Flourish.app/Flourish";
			};
			name = Release;
		};
/* End XCBuildConfiguration section */

/* Begin XCConfigurationList section */
		9631E6DD1AF22A36003FA744 /* Build configuration list for PBXProject "Flourish" */ = {
			isa = XCConfigurationList;
			buildConfigurations = (
				9631E7011AF22A37003FA744 /* Debug */,
				9631E7021AF22A37003FA744 /* Release */,
			);
			defaultConfigurationIsVisible = 0;
			defaultConfigurationName = Release;
		};
		9631E7031AF22A37003FA744 /* Build configuration list for PBXNativeTarget "Flourish" */ = {
			isa = XCConfigurationList;
			buildConfigurations = (
				9631E7041AF22A37003FA744 /* Debug */,
				9631E7051AF22A37003FA744 /* Release */,
			);
			defaultConfigurationIsVisible = 0;
		};
		9631E7061AF22A37003FA744 /* Build configuration list for PBXNativeTarget "FlourishTests" */ = {
			isa = XCConfigurationList;
			buildConfigurations = (
				9631E7071AF22A37003FA744 /* Debug */,
				9631E7081AF22A37003FA744 /* Release */,
			);
			defaultConfigurationIsVisible = 0;
		};
/* End XCConfigurationList section */
	};
	rootObject = 9631E6DA1AF22A36003FA744 /* Project object */;
}
